
Microsoft Visual Studio Solution File, Format Version 12.00
# Visual Studio Version 16
VisualStudioVersion = 16.0.31105.61
MinimumVisualStudioVersion = 10.0.40219.1
Project("{FAE04EC0-301F-11D3-BF4B-00C04F79EFBC}") = "LifeSimMono", "LifeSimMono\LifeSimMono.csproj", "{64487067-B3AE-409A-AD2F-97AFDD51FBE0}"
EndProject
Global
	GlobalSection(SolutionConfigurationPlatforms) = preSolution
		Debug|Any CPU = Debug|Any CPU
		Release|Any CPU = Release|Any CPU
	EndGlobalSection
	GlobalSection(ProjectConfigurationPlatforms) = postSolution
		{64487067-B3AE-409A-AD2F-97AFDD51FBE0}.Debug|Any CPU.ActiveCfg = Debug|Any CPU
		{64487067-B3AE-409A-AD2F-97AFDD51FBE0}.Debug|Any CPU.Build.0 = Debug|Any CPU
		{64487067-B3AE-409A-AD2F-97AFDD51FBE0}.Release|Any CPU.ActiveCfg = Release|Any CPU
		{64487067-B3AE-409A-AD2F-97AFDD51FBE0}.Release|Any CPU.Build.0 = Release|Any CPU
	EndGlobalSection
	GlobalSection(SolutionProperties) = preSolution
		HideSolutionNode = FALSE
	EndGlobalSection
	GlobalSection(ExtensibilityGlobals) = postSolution
		SolutionGuid = {B830EB57-9180-440F-BDCF-D0ACCCC8420C}
	EndGlobalSection
EndGlobal
